
Microsoft Visual Studio Solution File, Format Version 12.00
# Visual Studio Version 17
VisualStudioVersion = 17.0.31903.59
MinimumVisualStudioVersion = 10.0.40219.1
Project("{2150E333-8FDC-42A3-9474-1A3956D46DE8}") = "src", "src", "{827E0CD3-B72D-47B6-A68D-7590B98EB39B}"
EndProject
Project("{2150E333-8FDC-42A3-9474-1A3956D46DE8}") = "BuildingBlocks", "BuildingBlocks", "{90298CBA-BD6F-3A0A-69D5-97CAD7B05E7E}"
EndProject
Project("{FAE04EC0-301F-11D3-BF4B-00C04F79EFBC}") = "Shared", "src\BuildingBlocks\Shared\Shared.csproj", "{F637C34C-6FEB-4973-877B-6D113B208AE5}"
EndProject
Project("{2150E333-8FDC-42A3-9474-1A3956D46DE8}") = "Services", "Services", "{984BB9B3-3FA3-BE33-9484-CAC21695A33C}"
EndProject
Project("{FAE04EC0-301F-11D3-BF4B-00C04F79EFBC}") = "IdentityService", "src\Services\IdentityService\IdentityService.csproj", "{2AC36DC2-70BD-4FE2-AAC2-745BE068435C}"
EndProject
Project("{FAE04EC0-301F-11D3-BF4B-00C04F79EFBC}") = "ProductService", "src\Services\ProductService\ProductService.csproj", "{2C9441E9-0E94-4FEF-AD3D-AA31E4848804}"
EndProject
Project("{FAE04EC0-301F-11D3-BF4B-00C04F79EFBC}") = "LogService", "src\Services\LogService\LogService.csproj", "{4FEA304F-E613-42F5-9867-8B439922141E}"
EndProject
Project("{2150E333-8FDC-42A3-9474-1A3956D46DE8}") = "Gateways", "Gateways", "{CBE535C5-B51A-60E9-4D99-AC1BFAA908A1}"
EndProject
Project("{FAE04EC0-301F-11D3-BF4B-00C04F79EFBC}") = "ApiGateway", "src\Gateways\ApiGateway\ApiGateway.csproj", "{AAADF27A-7C1F-4A94-86D3-FE30A923BD28}"
EndProject
Project("{FAE04EC0-301F-11D3-BF4B-00C04F79EFBC}") = "BasketService", "src\Services\BasketService\BasketService.csproj", "{1B50D5C8-9651-4F27-86FB-2DA9963C7EAB}"
EndProject
Global
	GlobalSection(SolutionConfigurationPlatforms) = preSolution
		Debug|Any CPU = Debug|Any CPU
		Debug|x64 = Debug|x64
		Debug|x86 = Debug|x86
		Release|Any CPU = Release|Any CPU
		Release|x64 = Release|x64
		Release|x86 = Release|x86
	EndGlobalSection
	GlobalSection(ProjectConfigurationPlatforms) = postSolution
		{F637C34C-6FEB-4973-877B-6D113B208AE5}.Debug|Any CPU.ActiveCfg = Debug|Any CPU
		{F637C34C-6FEB-4973-877B-6D113B208AE5}.Debug|Any CPU.Build.0 = Debug|Any CPU
		{F637C34C-6FEB-4973-877B-6D113B208AE5}.Debug|x64.ActiveCfg = Debug|Any CPU
		{F637C34C-6FEB-4973-877B-6D113B208AE5}.Debug|x64.Build.0 = Debug|Any CPU
		{F637C34C-6FEB-4973-877B-6D113B208AE5}.Debug|x86.ActiveCfg = Debug|Any CPU
		{F637C34C-6FEB-4973-877B-6D113B208AE5}.Debug|x86.Build.0 = Debug|Any CPU
		{F637C34C-6FEB-4973-877B-6D113B208AE5}.Release|Any CPU.ActiveCfg = Release|Any CPU
		{F637C34C-6FEB-4973-877B-6D113B208AE5}.Release|Any CPU.Build.0 = Release|Any CPU
		{F637C34C-6FEB-4973-877B-6D113B208AE5}.Release|x64.ActiveCfg = Release|Any CPU
		{F637C34C-6FEB-4973-877B-6D113B208AE5}.Release|x64.Build.0 = Release|Any CPU
		{F637C34C-6FEB-4973-877B-6D113B208AE5}.Release|x86.ActiveCfg = Release|Any CPU
		{F637C34C-6FEB-4973-877B-6D113B208AE5}.Release|x86.Build.0 = Release|Any CPU
		{2AC36DC2-70BD-4FE2-AAC2-745BE068435C}.Debug|Any CPU.ActiveCfg = Debug|Any CPU
		{2AC36DC2-70BD-4FE2-AAC2-745BE068435C}.Debug|Any CPU.Build.0 = Debug|Any CPU
		{2AC36DC2-70BD-4FE2-AAC2-745BE068435C}.Debug|x64.ActiveCfg = Debug|Any CPU
		{2AC36DC2-70BD-4FE2-AAC2-745BE068435C}.Debug|x64.Build.0 = Debug|Any CPU
		{2AC36DC2-70BD-4FE2-AAC2-745BE068435C}.Debug|x86.ActiveCfg = Debug|Any CPU
		{2AC36DC2-70BD-4FE2-AAC2-745BE068435C}.Debug|x86.Build.0 = Debug|Any CPU
		{2AC36DC2-70BD-4FE2-AAC2-745BE068435C}.Release|Any CPU.ActiveCfg = Release|Any CPU
		{2AC36DC2-70BD-4FE2-AAC2-745BE068435C}.Release|Any CPU.Build.0 = Release|Any CPU
		{2AC36DC2-70BD-4FE2-AAC2-745BE068435C}.Release|x64.ActiveCfg = Release|Any CPU
		{2AC36DC2-70BD-4FE2-AAC2-745BE068435C}.Release|x64.Build.0 = Release|Any CPU
		{2AC36DC2-70BD-4FE2-AAC2-745BE068435C}.Release|x86.ActiveCfg = Release|Any CPU
		{2AC36DC2-70BD-4FE2-AAC2-745BE068435C}.Release|x86.Build.0 = Release|Any CPU
		{2C9441E9-0E94-4FEF-AD3D-AA31E4848804}.Debug|Any CPU.ActiveCfg = Debug|Any CPU
		{2C9441E9-0E94-4FEF-AD3D-AA31E4848804}.Debug|Any CPU.Build.0 = Debug|Any CPU
		{2C9441E9-0E94-4FEF-AD3D-AA31E4848804}.Debug|x64.ActiveCfg = Debug|Any CPU
		{2C9441E9-0E94-4FEF-AD3D-AA31E4848804}.Debug|x64.Build.0 = Debug|Any CPU
		{2C9441E9-0E94-4FEF-AD3D-AA31E4848804}.Debug|x86.ActiveCfg = Debug|Any CPU
		{2C9441E9-0E94-4FEF-AD3D-AA31E4848804}.Debug|x86.Build.0 = Debug|Any CPU
		{2C9441E9-0E94-4FEF-AD3D-AA31E4848804}.Release|Any CPU.ActiveCfg = Release|Any CPU
		{2C9441E9-0E94-4FEF-AD3D-AA31E4848804}.Release|Any CPU.Build.0 = Release|Any CPU
		{2C9441E9-0E94-4FEF-AD3D-AA31E4848804}.Release|x64.ActiveCfg = Release|Any CPU
		{2C9441E9-0E94-4FEF-AD3D-AA31E4848804}.Release|x64.Build.0 = Release|Any CPU
		{2C9441E9-0E94-4FEF-AD3D-AA31E4848804}.Release|x86.ActiveCfg = Release|Any CPU
		{2C9441E9-0E94-4FEF-AD3D-AA31E4848804}.Release|x86.Build.0 = Release|Any CPU
		{4FEA304F-E613-42F5-9867-8B439922141E}.Debug|Any CPU.ActiveCfg = Debug|Any CPU
		{4FEA304F-E613-42F5-9867-8B439922141E}.Debug|Any CPU.Build.0 = Debug|Any CPU
		{4FEA304F-E613-42F5-9867-8B439922141E}.Debug|x64.ActiveCfg = Debug|Any CPU
		{4FEA304F-E613-42F5-9867-8B439922141E}.Debug|x64.Build.0 = Debug|Any CPU
		{4FEA304F-E613-42F5-9867-8B439922141E}.Debug|x86.ActiveCfg = Debug|Any CPU
		{4FEA304F-E613-42F5-9867-8B439922141E}.Debug|x86.Build.0 = Debug|Any CPU
		{4FEA304F-E613-42F5-9867-8B439922141E}.Release|Any CPU.ActiveCfg = Release|Any CPU
		{4FEA304F-E613-42F5-9867-8B439922141E}.Release|Any CPU.Build.0 = Release|Any CPU
		{4FEA304F-E613-42F5-9867-8B439922141E}.Release|x64.ActiveCfg = Release|Any CPU
		{4FEA304F-E613-42F5-9867-8B439922141E}.Release|x64.Build.0 = Release|Any CPU
		{4FEA304F-E613-42F5-9867-8B439922141E}.Release|x86.ActiveCfg = Release|Any CPU
		{4FEA304F-E613-42F5-9867-8B439922141E}.Release|x86.Build.0 = Release|Any CPU
		{AAADF27A-7C1F-4A94-86D3-FE30A923BD28}.Debug|Any CPU.ActiveCfg = Debug|Any CPU
		{AAADF27A-7C1F-4A94-86D3-FE30A923BD28}.Debug|Any CPU.Build.0 = Debug|Any CPU
		{AAADF27A-7C1F-4A94-86D3-FE30A923BD28}.Debug|x64.ActiveCfg = Debug|Any CPU
		{AAADF27A-7C1F-4A94-86D3-FE30A923BD28}.Debug|x64.Build.0 = Debug|Any CPU
		{AAADF27A-7C1F-4A94-86D3-FE30A923BD28}.Debug|x86.ActiveCfg = Debug|Any CPU
		{AAADF27A-7C1F-4A94-86D3-FE30A923BD28}.Debug|x86.Build.0 = Debug|Any CPU
		{AAADF27A-7C1F-4A94-86D3-FE30A923BD28}.Release|Any CPU.ActiveCfg = Release|Any CPU
		{AAADF27A-7C1F-4A94-86D3-FE30A923BD28}.Release|Any CPU.Build.0 = Release|Any CPU
		{AAADF27A-7C1F-4A94-86D3-FE30A923BD28}.Release|x64.ActiveCfg = Release|Any CPU
		{AAADF27A-7C1F-4A94-86D3-FE30A923BD28}.Release|x64.Build.0 = Release|Any CPU
		{AAADF27A-7C1F-4A94-86D3-FE30A923BD28}.Release|x86.ActiveCfg = Release|Any CPU
		{AAADF27A-7C1F-4A94-86D3-FE30A923BD28}.Release|x86.Build.0 = Release|Any CPU
		{1B50D5C8-9651-4F27-86FB-2DA9963C7EAB}.Debug|Any CPU.ActiveCfg = Debug|Any CPU
		{1B50D5C8-9651-4F27-86FB-2DA9963C7EAB}.Debug|Any CPU.Build.0 = Debug|Any CPU
		{1B50D5C8-9651-4F27-86FB-2DA9963C7EAB}.Debug|x64.ActiveCfg = Debug|Any CPU
		{1B50D5C8-9651-4F27-86FB-2DA9963C7EAB}.Debug|x64.Build.0 = Debug|Any CPU
		{1B50D5C8-9651-4F27-86FB-2DA9963C7EAB}.Debug|x86.ActiveCfg = Debug|Any CPU
		{1B50D5C8-9651-4F27-86FB-2DA9963C7EAB}.Debug|x86.Build.0 = Debug|Any CPU
		{1B50D5C8-9651-4F27-86FB-2DA9963C7EAB}.Release|Any CPU.ActiveCfg = Release|Any CPU
		{1B50D5C8-9651-4F27-86FB-2DA9963C7EAB}.Release|Any CPU.Build.0 = Release|Any CPU
		{1B50D5C8-9651-4F27-86FB-2DA9963C7EAB}.Release|x64.ActiveCfg = Release|Any CPU
		{1B50D5C8-9651-4F27-86FB-2DA9963C7EAB}.Release|x64.Build.0 = Release|Any CPU
		{1B50D5C8-9651-4F27-86FB-2DA9963C7EAB}.Release|x86.ActiveCfg = Release|Any CPU
		{1B50D5C8-9651-4F27-86FB-2DA9963C7EAB}.Release|x86.Build.0 = Release|Any CPU
	EndGlobalSection
	GlobalSection(SolutionProperties) = preSolution
		HideSolutionNode = FALSE
	EndGlobalSection
	GlobalSection(NestedProjects) = preSolution
		{90298CBA-BD6F-3A0A-69D5-97CAD7B05E7E} = {827E0CD3-B72D-47B6-A68D-7590B98EB39B}
		{F637C34C-6FEB-4973-877B-6D113B208AE5} = {90298CBA-BD6F-3A0A-69D5-97CAD7B05E7E}
		{984BB9B3-3FA3-BE33-9484-CAC21695A33C} = {827E0CD3-B72D-47B6-A68D-7590B98EB39B}
		{2AC36DC2-70BD-4FE2-AAC2-745BE068435C} = {984BB9B3-3FA3-BE33-9484-CAC21695A33C}
		{2C9441E9-0E94-4FEF-AD3D-AA31E4848804} = {984BB9B3-3FA3-BE33-9484-CAC21695A33C}
		{4FEA304F-E613-42F5-9867-8B439922141E} = {984BB9B3-3FA3-BE33-9484-CAC21695A33C}
		{CBE535C5-B51A-60E9-4D99-AC1BFAA908A1} = {827E0CD3-B72D-47B6-A68D-7590B98EB39B}
		{AAADF27A-7C1F-4A94-86D3-FE30A923BD28} = {CBE535C5-B51A-60E9-4D99-AC1BFAA908A1}
		{1B50D5C8-9651-4F27-86FB-2DA9963C7EAB} = {984BB9B3-3FA3-BE33-9484-CAC21695A33C}
	EndGlobalSection
EndGlobal
